<?xml version="1.0" encoding="utf-8"?>
<Project ToolsVersion="4.0" xmlns="http://schemas.microsoft.com/developer/msbuild/2003">
  <ItemGroup>
    <Filter Include="Source Files">
      <UniqueIdentifier>{4FC737F1-C7A5-4376-A066-2A32D752A2FF}</UniqueIdentifier>
      <Extensions>cpp;c;cc;cxx;c++;cppm;ixx;def;odl;idl;hpj;bat;asm;asmx</Extensions>
    </Filter>
    <Filter Include="Header Files">
      <UniqueIdentifier>{93995380-89BD-4b04-88EB-625FBE52EBFB}</UniqueIdentifier>
      <Extensions>h;hh;hpp;hxx;h++;hm;inl;inc;ipp;xsd</Extensions>
    </Filter>
    <Filter Include="Resource Files">
      <UniqueIdentifier>{67DA6AB6-F800-4c08-8B7A-83BB121AAD01}</UniqueIdentifier>
      <Extensions>rc;ico;cur;bmp;dlg;rc2;rct;bin;rgs;gif;jpg;jpeg;jpe;resx;tiff;tif;png;wav;mfcribbon-ms</Extensions>
    </Filter>
    <Filter Include="Header Files\character">
      <UniqueIdentifier>{31941179-108d-4182-9609-252d4152ada8}</UniqueIdentifier>
    </Filter>
    <Filter Include="Source Files\character">
      <UniqueIdentifier>{5802d693-ba7e-49a6-a902-bc4435d84adc}</UniqueIdentifier>
    </Filter>
    <Filter Include="Source Files\dice">
      <UniqueIdentifier>{d76a4504-bbd9-4a8e-9495-2b6ea84e0bc2}</UniqueIdentifier>
    </Filter>
    <Filter Include="Header Files\dice">
      <UniqueIdentifier>{c1e1f0eb-499c-4426-a6a0-d188107e84aa}</UniqueIdentifier>
    </Filter>
    <Filter Include="Header Files\tables">
      <UniqueIdentifier>{376b9774-340a-4248-b23a-2f25d3c61cc8}</UniqueIdentifier>
    </Filter>
  </ItemGroup>
  <ItemGroup>
    <ClInclude Include="include\test.h">
      <Filter>Header Files</Filter>
    </ClInclude>
    <ClInclude Include="include\character\character.h">
      <Filter>Header Files\character</Filter>
    </ClInclude>
    <ClInclude Include="include\character\player.h">
      <Filter>Header Files\character</Filter>
    </ClInclude>
    <ClInclude Include="include\dice\die.h">
      <Filter>Header Files\dice</Filter>
    </ClInclude>
    <ClInclude Include="include\dice\die100.h">
      <Filter>Header Files\dice</Filter>
    </ClInclude>
    <ClInclude Include="include\tables\attribute.h">
      <Filter>Header Files\tables</Filter>
    </ClInclude>
    <ClInclude Include="include\tables\class.h">
      <Filter>Header Files\tables</Filter>
    </ClInclude>
    <ClInclude Include="include\tables\race.h">
      <Filter>Header Files\tables</Filter>
    </ClInclude>
    <ClInclude Include="include\character\hit.h">
      <Filter>Header Files\character</Filter>
    </ClInclude>
  </ItemGroup>
  <ItemGroup>
    <ClCompile Include="src\main.cpp">
      <Filter>Source Files</Filter>
    </ClCompile>
    <ClCompile Include="src\test.cpp">
      <Filter>Source Files</Filter>
    </ClCompile>
    <ClCompile Include="src\character\character.cpp">
      <Filter>Source Files\character</Filter>
    </ClCompile>
    <ClCompile Include="src\character\player.cpp">
      <Filter>Source Files\character</Filter>
    </ClCompile>
    <ClCompile Include="src\dice\die.cpp">
      <Filter>Source Files\dice</Filter>
    </ClCompile>
    <ClCompile Include="src\dice\die100.cpp">
      <Filter>Source Files\dice</Filter>
    </ClCompile>
  </ItemGroup>
</Project>